
Microsoft Visual Studio Solution File, Format Version 12.00
Project("{FAE04EC0-301F-11D3-BF4B-00C04F79EFBC}") = "Send", "Send\Send.csproj", "{128D2D86-4CB2-400E-B13C-2105E2262B56}"
EndProject
Project("{2150E333-8FDC-42A3-9474-1A3956D46DE8}") = "L02", "L02", "{2BF6291B-E0D5-48B0-9ABB-CACFDF56C9D7}"
EndProject
Project("{FAE04EC0-301F-11D3-BF4B-00C04F79EFBC}") = "Receive", "Receive\Receive.csproj", "{636161CD-6A09-4BE8-85C8-B38A91F32CE1}"
EndProject
Project("{FAE04EC0-301F-11D3-BF4B-00C04F79EFBC}") = "Opg4", "Opg4\Opg4.csproj", "{9D9DE57E-990D-4D5E-8757-84754D0CF6EC}"
EndProject
Project("{2150E333-8FDC-42A3-9474-1A3956D46DE8}") = "L02Opg5", "L02Opg5", "{C9FB8675-BC98-4578-A084-7324EC5B9325}"
EndProject
Project("{FAE04EC0-301F-11D3-BF4B-00C04F79EFBC}") = "AIC_Receive", "AIC_Receive\AIC_Receive.csproj", "{C2ABAACF-8DFA-48D0-9F01-32EA0B878E80}"
EndProject
Project("{FAE04EC0-301F-11D3-BF4B-00C04F79EFBC}") = "SAS_Send", "SAS_Send\SAS_Send.csproj", "{44C9C835-F3DB-4DE3-AF87-C7CF818D603D}"
EndProject
Project("{FAE04EC0-301F-11D3-BF4B-00C04F79EFBC}") = "SWA_Send", "SWA_Send\SWA_Send.csproj", "{A0D2A538-6F1E-47F6-BAF4-75E241600A5A}"
EndProject
Global
	GlobalSection(SolutionConfigurationPlatforms) = preSolution
		Debug|Any CPU = Debug|Any CPU
		Release|Any CPU = Release|Any CPU
	EndGlobalSection
	GlobalSection(ProjectConfigurationPlatforms) = postSolution
		{128D2D86-4CB2-400E-B13C-2105E2262B56}.Debug|Any CPU.ActiveCfg = Debug|Any CPU
		{128D2D86-4CB2-400E-B13C-2105E2262B56}.Debug|Any CPU.Build.0 = Debug|Any CPU
		{128D2D86-4CB2-400E-B13C-2105E2262B56}.Release|Any CPU.ActiveCfg = Release|Any CPU
		{128D2D86-4CB2-400E-B13C-2105E2262B56}.Release|Any CPU.Build.0 = Release|Any CPU
		{636161CD-6A09-4BE8-85C8-B38A91F32CE1}.Debug|Any CPU.ActiveCfg = Debug|Any CPU
		{636161CD-6A09-4BE8-85C8-B38A91F32CE1}.Debug|Any CPU.Build.0 = Debug|Any CPU
		{636161CD-6A09-4BE8-85C8-B38A91F32CE1}.Release|Any CPU.ActiveCfg = Release|Any CPU
		{636161CD-6A09-4BE8-85C8-B38A91F32CE1}.Release|Any CPU.Build.0 = Release|Any CPU
		{9D9DE57E-990D-4D5E-8757-84754D0CF6EC}.Debug|Any CPU.ActiveCfg = Debug|Any CPU
		{9D9DE57E-990D-4D5E-8757-84754D0CF6EC}.Debug|Any CPU.Build.0 = Debug|Any CPU
		{9D9DE57E-990D-4D5E-8757-84754D0CF6EC}.Release|Any CPU.ActiveCfg = Release|Any CPU
		{9D9DE57E-990D-4D5E-8757-84754D0CF6EC}.Release|Any CPU.Build.0 = Release|Any CPU
		{C2ABAACF-8DFA-48D0-9F01-32EA0B878E80}.Debug|Any CPU.ActiveCfg = Debug|Any CPU
		{C2ABAACF-8DFA-48D0-9F01-32EA0B878E80}.Debug|Any CPU.Build.0 = Debug|Any CPU
		{C2ABAACF-8DFA-48D0-9F01-32EA0B878E80}.Release|Any CPU.ActiveCfg = Release|Any CPU
		{C2ABAACF-8DFA-48D0-9F01-32EA0B878E80}.Release|Any CPU.Build.0 = Release|Any CPU
		{44C9C835-F3DB-4DE3-AF87-C7CF818D603D}.Debug|Any CPU.ActiveCfg = Debug|Any CPU
		{44C9C835-F3DB-4DE3-AF87-C7CF818D603D}.Debug|Any CPU.Build.0 = Debug|Any CPU
		{44C9C835-F3DB-4DE3-AF87-C7CF818D603D}.Release|Any CPU.ActiveCfg = Release|Any CPU
		{44C9C835-F3DB-4DE3-AF87-C7CF818D603D}.Release|Any CPU.Build.0 = Release|Any CPU
		{A0D2A538-6F1E-47F6-BAF4-75E241600A5A}.Debug|Any CPU.ActiveCfg = Debug|Any CPU
		{A0D2A538-6F1E-47F6-BAF4-75E241600A5A}.Debug|Any CPU.Build.0 = Debug|Any CPU
		{A0D2A538-6F1E-47F6-BAF4-75E241600A5A}.Release|Any CPU.ActiveCfg = Release|Any CPU
		{A0D2A538-6F1E-47F6-BAF4-75E241600A5A}.Release|Any CPU.Build.0 = Release|Any CPU
	EndGlobalSection
	GlobalSection(NestedProjects) = preSolution
		{128D2D86-4CB2-400E-B13C-2105E2262B56} = {2BF6291B-E0D5-48B0-9ABB-CACFDF56C9D7}
		{636161CD-6A09-4BE8-85C8-B38A91F32CE1} = {2BF6291B-E0D5-48B0-9ABB-CACFDF56C9D7}
		{9D9DE57E-990D-4D5E-8757-84754D0CF6EC} = {2BF6291B-E0D5-48B0-9ABB-CACFDF56C9D7}
		{C2ABAACF-8DFA-48D0-9F01-32EA0B878E80} = {C9FB8675-BC98-4578-A084-7324EC5B9325}
		{44C9C835-F3DB-4DE3-AF87-C7CF818D603D} = {C9FB8675-BC98-4578-A084-7324EC5B9325}
		{A0D2A538-6F1E-47F6-BAF4-75E241600A5A} = {C9FB8675-BC98-4578-A084-7324EC5B9325}
	EndGlobalSection
EndGlobal
