
Microsoft Visual Studio Solution File, Format Version 12.00
Project("{FAE04EC0-301F-11D3-BF4B-00C04F79EFBC}") = "Send", "Send\Send.csproj", "{128D2D86-4CB2-400E-B13C-2105E2262B56}"
EndProject
Project("{2150E333-8FDC-42A3-9474-1A3956D46DE8}") = "L02", "L02", "{2BF6291B-E0D5-48B0-9ABB-CACFDF56C9D7}"
EndProject
Project("{FAE04EC0-301F-11D3-BF4B-00C04F79EFBC}") = "Receive", "Receive\Receive.csproj", "{636161CD-6A09-4BE8-85C8-B38A91F32CE1}"
EndProject
Project("{FAE04EC0-301F-11D3-BF4B-00C04F79EFBC}") = "Opg4", "Opg4\Opg4.csproj", "{9D9DE57E-990D-4D5E-8757-84754D0CF6EC}"
EndProject
Project("{2150E333-8FDC-42A3-9474-1A3956D46DE8}") = "L02Opg5", "L02Opg5", "{C9FB8675-BC98-4578-A084-7324EC5B9325}"
EndProject
Project("{FAE04EC0-301F-11D3-BF4B-00C04F79EFBC}") = "AIC_Receive", "AIC_Receive\AIC_Receive.csproj", "{C2ABAACF-8DFA-48D0-9F01-32EA0B878E80}"
EndProject
Project("{FAE04EC0-301F-11D3-BF4B-00C04F79EFBC}") = "SAS_Send", "SAS_Send\SAS_Send.csproj", "{44C9C835-F3DB-4DE3-AF87-C7CF818D603D}"
EndProject
Project("{FAE04EC0-301F-11D3-BF4B-00C04F79EFBC}") = "SWA_Send", "SWA_Send\SWA_Send.csproj", "{A0D2A538-6F1E-47F6-BAF4-75E241600A5A}"
EndProject
Project("{2150E333-8FDC-42A3-9474-1A3956D46DE8}") = "L09", "L09", "{8A5730C4-919F-4A76-896A-76E23EE48CC9}"
EndProject
Project("{2150E333-8FDC-42A3-9474-1A3956D46DE8}") = "L02Opg6", "L02Opg6", "{AB7B06D8-5737-4945-98D2-A89369D32C5E}"
EndProject
Project("{FAE04EC0-301F-11D3-BF4B-00C04F79EFBC}") = "Opg6Receive", "Opg6Receive\Opg6Receive.csproj", "{0D620204-A67D-4EBE-B028-6293D7274EEE}"
EndProject
Project("{FAE04EC0-301F-11D3-BF4B-00C04F79EFBC}") = "KLM_Receive", "KLM_Receive\KLM_Receive.csproj", "{F1FD714B-83E0-4148-B265-57E38C1EE6EF}"
EndProject
Project("{FAE04EC0-301F-11D3-BF4B-00C04F79EFBC}") = "SWA_Receive", "SWA_Receive\SWA_Receive.csproj", "{7B0A36FD-19AC-42DE-A5DD-46FF3CF14BB2}"
EndProject
Project("{FAE04EC0-301F-11D3-BF4B-00C04F79EFBC}") = "SAS_Receive", "SAS_Receive\SAS_Receive.csproj", "{7B4215E6-016C-49E2-89E9-66AAFFF33021}"
EndProject
Global
	GlobalSection(SolutionConfigurationPlatforms) = preSolution
		Debug|Any CPU = Debug|Any CPU
		Release|Any CPU = Release|Any CPU
	EndGlobalSection
	GlobalSection(ProjectConfigurationPlatforms) = postSolution
		{128D2D86-4CB2-400E-B13C-2105E2262B56}.Debug|Any CPU.ActiveCfg = Debug|Any CPU
		{128D2D86-4CB2-400E-B13C-2105E2262B56}.Debug|Any CPU.Build.0 = Debug|Any CPU
		{128D2D86-4CB2-400E-B13C-2105E2262B56}.Release|Any CPU.ActiveCfg = Release|Any CPU
		{128D2D86-4CB2-400E-B13C-2105E2262B56}.Release|Any CPU.Build.0 = Release|Any CPU
		{636161CD-6A09-4BE8-85C8-B38A91F32CE1}.Debug|Any CPU.ActiveCfg = Debug|Any CPU
		{636161CD-6A09-4BE8-85C8-B38A91F32CE1}.Debug|Any CPU.Build.0 = Debug|Any CPU
		{636161CD-6A09-4BE8-85C8-B38A91F32CE1}.Release|Any CPU.ActiveCfg = Release|Any CPU
		{636161CD-6A09-4BE8-85C8-B38A91F32CE1}.Release|Any CPU.Build.0 = Release|Any CPU
		{9D9DE57E-990D-4D5E-8757-84754D0CF6EC}.Debug|Any CPU.ActiveCfg = Debug|Any CPU
		{9D9DE57E-990D-4D5E-8757-84754D0CF6EC}.Debug|Any CPU.Build.0 = Debug|Any CPU
		{9D9DE57E-990D-4D5E-8757-84754D0CF6EC}.Release|Any CPU.ActiveCfg = Release|Any CPU
		{9D9DE57E-990D-4D5E-8757-84754D0CF6EC}.Release|Any CPU.Build.0 = Release|Any CPU
		{C2ABAACF-8DFA-48D0-9F01-32EA0B878E80}.Debug|Any CPU.ActiveCfg = Debug|Any CPU
		{C2ABAACF-8DFA-48D0-9F01-32EA0B878E80}.Debug|Any CPU.Build.0 = Debug|Any CPU
		{C2ABAACF-8DFA-48D0-9F01-32EA0B878E80}.Release|Any CPU.ActiveCfg = Release|Any CPU
		{C2ABAACF-8DFA-48D0-9F01-32EA0B878E80}.Release|Any CPU.Build.0 = Release|Any CPU
		{44C9C835-F3DB-4DE3-AF87-C7CF818D603D}.Debug|Any CPU.ActiveCfg = Debug|Any CPU
		{44C9C835-F3DB-4DE3-AF87-C7CF818D603D}.Debug|Any CPU.Build.0 = Debug|Any CPU
		{44C9C835-F3DB-4DE3-AF87-C7CF818D603D}.Release|Any CPU.ActiveCfg = Release|Any CPU
		{44C9C835-F3DB-4DE3-AF87-C7CF818D603D}.Release|Any CPU.Build.0 = Release|Any CPU
		{A0D2A538-6F1E-47F6-BAF4-75E241600A5A}.Debug|Any CPU.ActiveCfg = Debug|Any CPU
		{A0D2A538-6F1E-47F6-BAF4-75E241600A5A}.Debug|Any CPU.Build.0 = Debug|Any CPU
		{A0D2A538-6F1E-47F6-BAF4-75E241600A5A}.Release|Any CPU.ActiveCfg = Release|Any CPU
		{A0D2A538-6F1E-47F6-BAF4-75E241600A5A}.Release|Any CPU.Build.0 = Release|Any CPU
		{0D620204-A67D-4EBE-B028-6293D7274EEE}.Debug|Any CPU.ActiveCfg = Debug|Any CPU
		{0D620204-A67D-4EBE-B028-6293D7274EEE}.Debug|Any CPU.Build.0 = Debug|Any CPU
		{0D620204-A67D-4EBE-B028-6293D7274EEE}.Release|Any CPU.ActiveCfg = Release|Any CPU
		{0D620204-A67D-4EBE-B028-6293D7274EEE}.Release|Any CPU.Build.0 = Release|Any CPU
		{F1FD714B-83E0-4148-B265-57E38C1EE6EF}.Debug|Any CPU.ActiveCfg = Debug|Any CPU
		{F1FD714B-83E0-4148-B265-57E38C1EE6EF}.Debug|Any CPU.Build.0 = Debug|Any CPU
		{F1FD714B-83E0-4148-B265-57E38C1EE6EF}.Release|Any CPU.ActiveCfg = Release|Any CPU
		{F1FD714B-83E0-4148-B265-57E38C1EE6EF}.Release|Any CPU.Build.0 = Release|Any CPU
		{7B0A36FD-19AC-42DE-A5DD-46FF3CF14BB2}.Debug|Any CPU.ActiveCfg = Debug|Any CPU
		{7B0A36FD-19AC-42DE-A5DD-46FF3CF14BB2}.Debug|Any CPU.Build.0 = Debug|Any CPU
		{7B0A36FD-19AC-42DE-A5DD-46FF3CF14BB2}.Release|Any CPU.ActiveCfg = Release|Any CPU
		{7B0A36FD-19AC-42DE-A5DD-46FF3CF14BB2}.Release|Any CPU.Build.0 = Release|Any CPU
		{7B4215E6-016C-49E2-89E9-66AAFFF33021}.Debug|Any CPU.ActiveCfg = Debug|Any CPU
		{7B4215E6-016C-49E2-89E9-66AAFFF33021}.Debug|Any CPU.Build.0 = Debug|Any CPU
		{7B4215E6-016C-49E2-89E9-66AAFFF33021}.Release|Any CPU.ActiveCfg = Release|Any CPU
		{7B4215E6-016C-49E2-89E9-66AAFFF33021}.Release|Any CPU.Build.0 = Release|Any CPU
	EndGlobalSection
	GlobalSection(NestedProjects) = preSolution
		{128D2D86-4CB2-400E-B13C-2105E2262B56} = {2BF6291B-E0D5-48B0-9ABB-CACFDF56C9D7}
		{636161CD-6A09-4BE8-85C8-B38A91F32CE1} = {2BF6291B-E0D5-48B0-9ABB-CACFDF56C9D7}
		{9D9DE57E-990D-4D5E-8757-84754D0CF6EC} = {2BF6291B-E0D5-48B0-9ABB-CACFDF56C9D7}
		{C2ABAACF-8DFA-48D0-9F01-32EA0B878E80} = {C9FB8675-BC98-4578-A084-7324EC5B9325}
		{44C9C835-F3DB-4DE3-AF87-C7CF818D603D} = {C9FB8675-BC98-4578-A084-7324EC5B9325}
		{A0D2A538-6F1E-47F6-BAF4-75E241600A5A} = {C9FB8675-BC98-4578-A084-7324EC5B9325}
		{0D620204-A67D-4EBE-B028-6293D7274EEE} = {AB7B06D8-5737-4945-98D2-A89369D32C5E}
		{F1FD714B-83E0-4148-B265-57E38C1EE6EF} = {AB7B06D8-5737-4945-98D2-A89369D32C5E}
		{7B0A36FD-19AC-42DE-A5DD-46FF3CF14BB2} = {AB7B06D8-5737-4945-98D2-A89369D32C5E}
		{7B4215E6-016C-49E2-89E9-66AAFFF33021} = {AB7B06D8-5737-4945-98D2-A89369D32C5E}
	EndGlobalSection
EndGlobal
