
Microsoft Visual Studio Solution File, Format Version 12.00
Project("{FAE04EC0-301F-11D3-BF4B-00C04F79EFBC}") = "Send", "Send\Send.csproj", "{128D2D86-4CB2-400E-B13C-2105E2262B56}"
EndProject
Project("{2150E333-8FDC-42A3-9474-1A3956D46DE8}") = "L02", "L02", "{2BF6291B-E0D5-48B0-9ABB-CACFDF56C9D7}"
EndProject
Project("{FAE04EC0-301F-11D3-BF4B-00C04F79EFBC}") = "Receive", "Receive\Receive.csproj", "{636161CD-6A09-4BE8-85C8-B38A91F32CE1}"
EndProject
Global
	GlobalSection(SolutionConfigurationPlatforms) = preSolution
		Debug|Any CPU = Debug|Any CPU
		Release|Any CPU = Release|Any CPU
	EndGlobalSection
	GlobalSection(ProjectConfigurationPlatforms) = postSolution
		{128D2D86-4CB2-400E-B13C-2105E2262B56}.Debug|Any CPU.ActiveCfg = Debug|Any CPU
		{128D2D86-4CB2-400E-B13C-2105E2262B56}.Debug|Any CPU.Build.0 = Debug|Any CPU
		{128D2D86-4CB2-400E-B13C-2105E2262B56}.Release|Any CPU.ActiveCfg = Release|Any CPU
		{128D2D86-4CB2-400E-B13C-2105E2262B56}.Release|Any CPU.Build.0 = Release|Any CPU
		{636161CD-6A09-4BE8-85C8-B38A91F32CE1}.Debug|Any CPU.ActiveCfg = Debug|Any CPU
		{636161CD-6A09-4BE8-85C8-B38A91F32CE1}.Debug|Any CPU.Build.0 = Debug|Any CPU
		{636161CD-6A09-4BE8-85C8-B38A91F32CE1}.Release|Any CPU.ActiveCfg = Release|Any CPU
		{636161CD-6A09-4BE8-85C8-B38A91F32CE1}.Release|Any CPU.Build.0 = Release|Any CPU
	EndGlobalSection
	GlobalSection(NestedProjects) = preSolution
		{128D2D86-4CB2-400E-B13C-2105E2262B56} = {2BF6291B-E0D5-48B0-9ABB-CACFDF56C9D7}
		{636161CD-6A09-4BE8-85C8-B38A91F32CE1} = {2BF6291B-E0D5-48B0-9ABB-CACFDF56C9D7}
	EndGlobalSection
EndGlobal
